
Microsoft Visual Studio Solution File, Format Version 12.00
# Visual Studio Version 17
VisualStudioVersion = 17.11.35303.130
MinimumVisualStudioVersion = 10.0.40219.1
Project("{2150E333-8FDC-42A3-9474-1A3956D46DE8}") = "src", "src", "{5857DADF-652F-4198-AA13-8366B4C7ECB4}"
EndProject
Project("{2150E333-8FDC-42A3-9474-1A3956D46DE8}") = "client", "client", "{EDD6FBE6-CAE3-4B25-BFC7-7BC0B95D1222}"
EndProject
Project("{2150E333-8FDC-42A3-9474-1A3956D46DE8}") = "tests", "tests", "{D0B3114A-74FD-4D8E-B530-7E52E02663F9}"
EndProject
Project("{2150E333-8FDC-42A3-9474-1A3956D46DE8}") = "Api", "Api", "{72657300-0B09-439E-8BA9-39B67C1094DC}"
EndProject
Project("{9A19103F-16F7-4668-BE54-9A1E7A4F7556}") = "RepoCentral.API", "src\Api\RepoCentral.API\RepoCentral.API.csproj", "{74BD0C77-83E9-4186-88AA-0CB8C0D2EEE5}"
EndProject
Project("{2150E333-8FDC-42A3-9474-1A3956D46DE8}") = "Application", "Application", "{B26CA592-E80D-4A08-AB70-D16863C94AA2}"
EndProject
Project("{2150E333-8FDC-42A3-9474-1A3956D46DE8}") = "Domain", "Domain", "{076260D3-1D5C-4EAD-8B1E-A8A7E3B65D30}"
EndProject
Project("{2150E333-8FDC-42A3-9474-1A3956D46DE8}") = "Infrastructure", "Infrastructure", "{27E2F48C-E63A-4BE4-B022-0DAFAE84CE53}"
EndProject
Project("{2150E333-8FDC-42A3-9474-1A3956D46DE8}") = "UnitTests", "UnitTests", "{6F6A88AE-D79A-4E2E-9752-F0364A40213F}"
EndProject
Project("{2150E333-8FDC-42A3-9474-1A3956D46DE8}") = "IntegrationTests", "IntegrationTests", "{3F369701-B2B9-4F1E-9534-3634D757E048}"
EndProject
Project("{FAE04EC0-301F-11D3-BF4B-00C04F79EFBC}") = "RepoCentral.Application", "src\Application\RepoCentral.Application\RepoCentral.Application.csproj", "{957EE78E-E17D-44E2-BD7B-BCF7D6BF99A1}"
EndProject
Project("{FAE04EC0-301F-11D3-BF4B-00C04F79EFBC}") = "RepoCentral.Domain", "src\Domain\RepoCentral.Domain\RepoCentral.Domain.csproj", "{28CA777B-524D-4BEF-9CEC-F611A33B4C0E}"
EndProject
Project("{FAE04EC0-301F-11D3-BF4B-00C04F79EFBC}") = "RepoCentral.Infrastructure", "src\Infrastructure\RepoCentral.Infrastructure\RepoCentral.Infrastructure.csproj", "{D2629D31-18CD-46CF-A5B6-995E2184A270}"
EndProject
Project("{2150E333-8FDC-42A3-9474-1A3956D46DE8}") = "Core", "Core", "{8EE5731F-14AA-48F1-811D-E1AF69F055D5}"
EndProject
Project("{FAE04EC0-301F-11D3-BF4B-00C04F79EFBC}") = "RepoCentral.Core", "src\Core\RepoCentral.Core\RepoCentral.Core.csproj", "{E92DD009-4599-43A1-8CF7-E3730461297B}"
EndProject
Global
	GlobalSection(SolutionConfigurationPlatforms) = preSolution
		Debug|Any CPU = Debug|Any CPU
		Release|Any CPU = Release|Any CPU
	EndGlobalSection
	GlobalSection(ProjectConfigurationPlatforms) = postSolution
		{74BD0C77-83E9-4186-88AA-0CB8C0D2EEE5}.Debug|Any CPU.ActiveCfg = Debug|Any CPU
		{74BD0C77-83E9-4186-88AA-0CB8C0D2EEE5}.Debug|Any CPU.Build.0 = Debug|Any CPU
		{74BD0C77-83E9-4186-88AA-0CB8C0D2EEE5}.Release|Any CPU.ActiveCfg = Release|Any CPU
		{74BD0C77-83E9-4186-88AA-0CB8C0D2EEE5}.Release|Any CPU.Build.0 = Release|Any CPU
		{957EE78E-E17D-44E2-BD7B-BCF7D6BF99A1}.Debug|Any CPU.ActiveCfg = Debug|Any CPU
		{957EE78E-E17D-44E2-BD7B-BCF7D6BF99A1}.Debug|Any CPU.Build.0 = Debug|Any CPU
		{957EE78E-E17D-44E2-BD7B-BCF7D6BF99A1}.Release|Any CPU.ActiveCfg = Release|Any CPU
		{957EE78E-E17D-44E2-BD7B-BCF7D6BF99A1}.Release|Any CPU.Build.0 = Release|Any CPU
		{28CA777B-524D-4BEF-9CEC-F611A33B4C0E}.Debug|Any CPU.ActiveCfg = Debug|Any CPU
		{28CA777B-524D-4BEF-9CEC-F611A33B4C0E}.Debug|Any CPU.Build.0 = Debug|Any CPU
		{28CA777B-524D-4BEF-9CEC-F611A33B4C0E}.Release|Any CPU.ActiveCfg = Release|Any CPU
		{28CA777B-524D-4BEF-9CEC-F611A33B4C0E}.Release|Any CPU.Build.0 = Release|Any CPU
		{D2629D31-18CD-46CF-A5B6-995E2184A270}.Debug|Any CPU.ActiveCfg = Debug|Any CPU
		{D2629D31-18CD-46CF-A5B6-995E2184A270}.Debug|Any CPU.Build.0 = Debug|Any CPU
		{D2629D31-18CD-46CF-A5B6-995E2184A270}.Release|Any CPU.ActiveCfg = Release|Any CPU
		{D2629D31-18CD-46CF-A5B6-995E2184A270}.Release|Any CPU.Build.0 = Release|Any CPU
		{E92DD009-4599-43A1-8CF7-E3730461297B}.Debug|Any CPU.ActiveCfg = Debug|Any CPU
		{E92DD009-4599-43A1-8CF7-E3730461297B}.Debug|Any CPU.Build.0 = Debug|Any CPU
		{E92DD009-4599-43A1-8CF7-E3730461297B}.Release|Any CPU.ActiveCfg = Release|Any CPU
		{E92DD009-4599-43A1-8CF7-E3730461297B}.Release|Any CPU.Build.0 = Release|Any CPU
	EndGlobalSection
	GlobalSection(SolutionProperties) = preSolution
		HideSolutionNode = FALSE
	EndGlobalSection
	GlobalSection(NestedProjects) = preSolution
		{72657300-0B09-439E-8BA9-39B67C1094DC} = {5857DADF-652F-4198-AA13-8366B4C7ECB4}
		{74BD0C77-83E9-4186-88AA-0CB8C0D2EEE5} = {72657300-0B09-439E-8BA9-39B67C1094DC}
		{B26CA592-E80D-4A08-AB70-D16863C94AA2} = {5857DADF-652F-4198-AA13-8366B4C7ECB4}
		{076260D3-1D5C-4EAD-8B1E-A8A7E3B65D30} = {5857DADF-652F-4198-AA13-8366B4C7ECB4}
		{27E2F48C-E63A-4BE4-B022-0DAFAE84CE53} = {5857DADF-652F-4198-AA13-8366B4C7ECB4}
		{6F6A88AE-D79A-4E2E-9752-F0364A40213F} = {D0B3114A-74FD-4D8E-B530-7E52E02663F9}
		{3F369701-B2B9-4F1E-9534-3634D757E048} = {D0B3114A-74FD-4D8E-B530-7E52E02663F9}
		{957EE78E-E17D-44E2-BD7B-BCF7D6BF99A1} = {B26CA592-E80D-4A08-AB70-D16863C94AA2}
		{28CA777B-524D-4BEF-9CEC-F611A33B4C0E} = {076260D3-1D5C-4EAD-8B1E-A8A7E3B65D30}
		{D2629D31-18CD-46CF-A5B6-995E2184A270} = {27E2F48C-E63A-4BE4-B022-0DAFAE84CE53}
		{8EE5731F-14AA-48F1-811D-E1AF69F055D5} = {5857DADF-652F-4198-AA13-8366B4C7ECB4}
		{E92DD009-4599-43A1-8CF7-E3730461297B} = {8EE5731F-14AA-48F1-811D-E1AF69F055D5}
	EndGlobalSection
	GlobalSection(ExtensibilityGlobals) = postSolution
		SolutionGuid = {42B8F7D5-E74E-41C5-9F2B-5E79242E4D60}
	EndGlobalSection
EndGlobal
