
Microsoft Visual Studio Solution File, Format Version 12.00
# Visual Studio Version 17
VisualStudioVersion = 17.11.35303.130
MinimumVisualStudioVersion = 10.0.40219.1
Project("{2150E333-8FDC-42A3-9474-1A3956D46DE8}") = "Services", "Services", "{F47A5B78-1CBC-4610-BB65-30DFFB0554CE}"
EndProject
Project("{2150E333-8FDC-42A3-9474-1A3956D46DE8}") = "Core", "Core", "{FAA957B1-5323-40E7-BAE9-684AAD0D1643}"
EndProject
Project("{2150E333-8FDC-42A3-9474-1A3956D46DE8}") = "Infrastructure", "Infrastructure", "{F36B97EE-721B-4AA4-808E-493D4BFD344D}"
EndProject
Project("{2150E333-8FDC-42A3-9474-1A3956D46DE8}") = "Tests", "Tests", "{032D9473-20AC-4AEC-AF2F-1D3945965216}"
EndProject
Project("{FAE04EC0-301F-11D3-BF4B-00C04F79EFBC}") = "RepoCentral.API", "RepoCentral.API\RepoCentral.API.csproj", "{DAD10B69-4D42-4282-88BE-8E1D061376D4}"
EndProject
Global
	GlobalSection(SolutionConfigurationPlatforms) = preSolution
		Debug|Any CPU = Debug|Any CPU
		Release|Any CPU = Release|Any CPU
	EndGlobalSection
	GlobalSection(ProjectConfigurationPlatforms) = postSolution
		{DAD10B69-4D42-4282-88BE-8E1D061376D4}.Debug|Any CPU.ActiveCfg = Debug|Any CPU
		{DAD10B69-4D42-4282-88BE-8E1D061376D4}.Debug|Any CPU.Build.0 = Debug|Any CPU
		{DAD10B69-4D42-4282-88BE-8E1D061376D4}.Release|Any CPU.ActiveCfg = Release|Any CPU
		{DAD10B69-4D42-4282-88BE-8E1D061376D4}.Release|Any CPU.Build.0 = Release|Any CPU
	EndGlobalSection
	GlobalSection(SolutionProperties) = preSolution
		HideSolutionNode = FALSE
	EndGlobalSection
	GlobalSection(NestedProjects) = preSolution
		{DAD10B69-4D42-4282-88BE-8E1D061376D4} = {F47A5B78-1CBC-4610-BB65-30DFFB0554CE}
	EndGlobalSection
	GlobalSection(ExtensibilityGlobals) = postSolution
		SolutionGuid = {42B8F7D5-E74E-41C5-9F2B-5E79242E4D60}
	EndGlobalSection
EndGlobal
